// !$*UTF8*$!
{
	archiveVersion = 1;
	classes = {
	};
	objectVersion = 50;
	objects = {

/* Begin PBXBuildFile section */
		54B7F0A5BA238C2E5B749DC4 /* Pods_sampleProjectTests.framework in Frameworks */ = {isa = PBXBuildFile; fileRef = 82B1DA8C5E12A0BBB7243C98 /* Pods_sampleProjectTests.framework */; };
		742EF35CD05969CA17C83D50 /* Pods_sampleProject.framework in Frameworks */ = {isa = PBXBuildFile; fileRef = D6C86DF63F89EEDB46B7B2DD /* Pods_sampleProject.framework */; };
		9D01275540F0DCB9372C89F7 /* Pods_sampleProjectUITests.framework in Frameworks */ = {isa = PBXBuildFile; fileRef = 4B64D64216B16E504EEB64B0 /* Pods_sampleProjectUITests.framework */; };
		C34F114921B93AD20020917D /* AppDelegate.swift in Sources */ = {isa = PBXBuildFile; fileRef = C34F114821B93AD20020917D /* AppDelegate.swift */; };
		C34F114B21B93AD20020917D /* ViewController.swift in Sources */ = {isa = PBXBuildFile; fileRef = C34F114A21B93AD20020917D /* ViewController.swift */; };
		C34F114E21B93AD20020917D /* Main.storyboard in Resources */ = {isa = PBXBuildFile; fileRef = C34F114C21B93AD20020917D /* Main.storyboard */; };
		C34F115021B93AD50020917D /* Assets.xcassets in Resources */ = {isa = PBXBuildFile; fileRef = C34F114F21B93AD50020917D /* Assets.xcassets */; };
		C34F115321B93AD50020917D /* LaunchScreen.storyboard in Resources */ = {isa = PBXBuildFile; fileRef = C34F115121B93AD50020917D /* LaunchScreen.storyboard */; };
		C34F115E21B93AD60020917D /* sampleProjectTests.swift in Sources */ = {isa = PBXBuildFile; fileRef = C34F115D21B93AD60020917D /* sampleProjectTests.swift */; };
		C34F116921B93AD60020917D /* sampleProjectUITests.swift in Sources */ = {isa = PBXBuildFile; fileRef = C34F116821B93AD60020917D /* sampleProjectUITests.swift */; };
		C34F117721B93B5F0020917D /* response.json in Resources */ = {isa = PBXBuildFile; fileRef = C34F117621B93B5F0020917D /* response.json */; };
/* End PBXBuildFile section */

/* Begin PBXContainerItemProxy section */
		C34F115A21B93AD60020917D /* PBXContainerItemProxy */ = {
			isa = PBXContainerItemProxy;
			containerPortal = C34F113D21B93AD20020917D /* Project object */;
			proxyType = 1;
			remoteGlobalIDString = C34F114421B93AD20020917D;
			remoteInfo = sampleProject;
		};
		C34F116521B93AD60020917D /* PBXContainerItemProxy */ = {
			isa = PBXContainerItemProxy;
			containerPortal = C34F113D21B93AD20020917D /* Project object */;
			proxyType = 1;
			remoteGlobalIDString = C34F114421B93AD20020917D;
			remoteInfo = sampleProject;
		};
/* End PBXContainerItemProxy section */

/* Begin PBXFileReference section */
		27DB3AF471F709A844650F77 /* Pods-sampleProjectUITests.release.xcconfig */ = {isa = PBXFileReference; includeInIndex = 1; lastKnownFileType = text.xcconfig; name = "Pods-sampleProjectUITests.release.xcconfig"; path = "Pods/Target Support Files/Pods-sampleProjectUITests/Pods-sampleProjectUITests.release.xcconfig"; sourceTree = "<group>"; };
		4B64D64216B16E504EEB64B0 /* Pods_sampleProjectUITests.framework */ = {isa = PBXFileReference; explicitFileType = wrapper.framework; includeInIndex = 0; path = Pods_sampleProjectUITests.framework; sourceTree = BUILT_PRODUCTS_DIR; };
		50AC848EAD70B995A7347A53 /* Pods-sampleProjectTests.release.xcconfig */ = {isa = PBXFileReference; includeInIndex = 1; lastKnownFileType = text.xcconfig; name = "Pods-sampleProjectTests.release.xcconfig"; path = "Pods/Target Support Files/Pods-sampleProjectTests/Pods-sampleProjectTests.release.xcconfig"; sourceTree = "<group>"; };
		82B1DA8C5E12A0BBB7243C98 /* Pods_sampleProjectTests.framework */ = {isa = PBXFileReference; explicitFileType = wrapper.framework; includeInIndex = 0; path = Pods_sampleProjectTests.framework; sourceTree = BUILT_PRODUCTS_DIR; };
		93252EFF8B682C1D094939FD /* Pods-sampleProjectUITests.debug.xcconfig */ = {isa = PBXFileReference; includeInIndex = 1; lastKnownFileType = text.xcconfig; name = "Pods-sampleProjectUITests.debug.xcconfig"; path = "Pods/Target Support Files/Pods-sampleProjectUITests/Pods-sampleProjectUITests.debug.xcconfig"; sourceTree = "<group>"; };
		973F7671E5A369DCD294734F /* Pods-sampleProjectTests.debug.xcconfig */ = {isa = PBXFileReference; includeInIndex = 1; lastKnownFileType = text.xcconfig; name = "Pods-sampleProjectTests.debug.xcconfig"; path = "Pods/Target Support Files/Pods-sampleProjectTests/Pods-sampleProjectTests.debug.xcconfig"; sourceTree = "<group>"; };
		BF846C265B7786C1CE816923 /* Pods-sampleProject.debug.xcconfig */ = {isa = PBXFileReference; includeInIndex = 1; lastKnownFileType = text.xcconfig; name = "Pods-sampleProject.debug.xcconfig"; path = "Pods/Target Support Files/Pods-sampleProject/Pods-sampleProject.debug.xcconfig"; sourceTree = "<group>"; };
		C34F114521B93AD20020917D /* sampleProject.app */ = {isa = PBXFileReference; explicitFileType = wrapper.application; includeInIndex = 0; path = sampleProject.app; sourceTree = BUILT_PRODUCTS_DIR; };
		C34F114821B93AD20020917D /* AppDelegate.swift */ = {isa = PBXFileReference; lastKnownFileType = sourcecode.swift; path = AppDelegate.swift; sourceTree = "<group>"; };
		C34F114A21B93AD20020917D /* ViewController.swift */ = {isa = PBXFileReference; lastKnownFileType = sourcecode.swift; path = ViewController.swift; sourceTree = "<group>"; };
		C34F114D21B93AD20020917D /* Base */ = {isa = PBXFileReference; lastKnownFileType = file.storyboard; name = Base; path = Base.lproj/Main.storyboard; sourceTree = "<group>"; };
		C34F114F21B93AD50020917D /* Assets.xcassets */ = {isa = PBXFileReference; lastKnownFileType = folder.assetcatalog; path = Assets.xcassets; sourceTree = "<group>"; };
		C34F115221B93AD50020917D /* Base */ = {isa = PBXFileReference; lastKnownFileType = file.storyboard; name = Base; path = Base.lproj/LaunchScreen.storyboard; sourceTree = "<group>"; };
		C34F115421B93AD50020917D /* Info.plist */ = {isa = PBXFileReference; lastKnownFileType = text.plist.xml; path = Info.plist; sourceTree = "<group>"; };
		C34F115921B93AD60020917D /* sampleProjectTests.xctest */ = {isa = PBXFileReference; explicitFileType = wrapper.cfbundle; includeInIndex = 0; path = sampleProjectTests.xctest; sourceTree = BUILT_PRODUCTS_DIR; };
		C34F115D21B93AD60020917D /* sampleProjectTests.swift */ = {isa = PBXFileReference; lastKnownFileType = sourcecode.swift; path = sampleProjectTests.swift; sourceTree = "<group>"; };
		C34F115F21B93AD60020917D /* Info.plist */ = {isa = PBXFileReference; lastKnownFileType = text.plist.xml; path = Info.plist; sourceTree = "<group>"; };
		C34F116421B93AD60020917D /* sampleProjectUITests.xctest */ = {isa = PBXFileReference; explicitFileType = wrapper.cfbundle; includeInIndex = 0; path = sampleProjectUITests.xctest; sourceTree = BUILT_PRODUCTS_DIR; };
		C34F116821B93AD60020917D /* sampleProjectUITests.swift */ = {isa = PBXFileReference; lastKnownFileType = sourcecode.swift; path = sampleProjectUITests.swift; sourceTree = "<group>"; };
		C34F116A21B93AD60020917D /* Info.plist */ = {isa = PBXFileReference; lastKnownFileType = text.plist.xml; path = Info.plist; sourceTree = "<group>"; };
		C34F117621B93B5F0020917D /* response.json */ = {isa = PBXFileReference; fileEncoding = 4; lastKnownFileType = text.json; path = response.json; sourceTree = "<group>"; };
		C593B361581A60F621372A88 /* Pods-sampleProject.release.xcconfig */ = {isa = PBXFileReference; includeInIndex = 1; lastKnownFileType = text.xcconfig; name = "Pods-sampleProject.release.xcconfig"; path = "Pods/Target Support Files/Pods-sampleProject/Pods-sampleProject.release.xcconfig"; sourceTree = "<group>"; };
		D6C86DF63F89EEDB46B7B2DD /* Pods_sampleProject.framework */ = {isa = PBXFileReference; explicitFileType = wrapper.framework; includeInIndex = 0; path = Pods_sampleProject.framework; sourceTree = BUILT_PRODUCTS_DIR; };
/* End PBXFileReference section */

/* Begin PBXFrameworksBuildPhase section */
		C34F114221B93AD20020917D /* Frameworks */ = {
			isa = PBXFrameworksBuildPhase;
			buildActionMask = 2147483647;
			files = (
				742EF35CD05969CA17C83D50 /* Pods_sampleProject.framework in Frameworks */,
			);
			runOnlyForDeploymentPostprocessing = 0;
		};
		C34F115621B93AD60020917D /* Frameworks */ = {
			isa = PBXFrameworksBuildPhase;
			buildActionMask = 2147483647;
			files = (
				54B7F0A5BA238C2E5B749DC4 /* Pods_sampleProjectTests.framework in Frameworks */,
			);
			runOnlyForDeploymentPostprocessing = 0;
		};
		C34F116121B93AD60020917D /* Frameworks */ = {
			isa = PBXFrameworksBuildPhase;
			buildActionMask = 2147483647;
			files = (
				9D01275540F0DCB9372C89F7 /* Pods_sampleProjectUITests.framework in Frameworks */,
			);
			runOnlyForDeploymentPostprocessing = 0;
		};
/* End PBXFrameworksBuildPhase section */

/* Begin PBXGroup section */
		58EE74285BAF34F2C4A0888B /* Frameworks */ = {
			isa = PBXGroup;
			children = (
				D6C86DF63F89EEDB46B7B2DD /* Pods_sampleProject.framework */,
				82B1DA8C5E12A0BBB7243C98 /* Pods_sampleProjectTests.framework */,
				4B64D64216B16E504EEB64B0 /* Pods_sampleProjectUITests.framework */,
			);
			name = Frameworks;
			sourceTree = "<group>";
		};
		9D0B0A087B21A13AB61FBDB5 /* Pods */ = {
			isa = PBXGroup;
			children = (
				BF846C265B7786C1CE816923 /* Pods-sampleProject.debug.xcconfig */,
				C593B361581A60F621372A88 /* Pods-sampleProject.release.xcconfig */,
				973F7671E5A369DCD294734F /* Pods-sampleProjectTests.debug.xcconfig */,
				50AC848EAD70B995A7347A53 /* Pods-sampleProjectTests.release.xcconfig */,
				93252EFF8B682C1D094939FD /* Pods-sampleProjectUITests.debug.xcconfig */,
				27DB3AF471F709A844650F77 /* Pods-sampleProjectUITests.release.xcconfig */,
			);
			name = Pods;
			sourceTree = "<group>";
		};
		C34F113C21B93AD20020917D = {
			isa = PBXGroup;
			children = (
				C34F114721B93AD20020917D /* sampleProject */,
				C34F115C21B93AD60020917D /* sampleProjectTests */,
				C34F116721B93AD60020917D /* sampleProjectUITests */,
				C34F114621B93AD20020917D /* Products */,
				9D0B0A087B21A13AB61FBDB5 /* Pods */,
				58EE74285BAF34F2C4A0888B /* Frameworks */,
			);
			sourceTree = "<group>";
		};
		C34F114621B93AD20020917D /* Products */ = {
			isa = PBXGroup;
			children = (
				C34F114521B93AD20020917D /* sampleProject.app */,
				C34F115921B93AD60020917D /* sampleProjectTests.xctest */,
				C34F116421B93AD60020917D /* sampleProjectUITests.xctest */,
			);
			name = Products;
			sourceTree = "<group>";
		};
		C34F114721B93AD20020917D /* sampleProject */ = {
			isa = PBXGroup;
			children = (
				C34F117621B93B5F0020917D /* response.json */,
				C34F114821B93AD20020917D /* AppDelegate.swift */,
				C34F114A21B93AD20020917D /* ViewController.swift */,
				C34F114C21B93AD20020917D /* Main.storyboard */,
				C34F114F21B93AD50020917D /* Assets.xcassets */,
				C34F115121B93AD50020917D /* LaunchScreen.storyboard */,
				C34F115421B93AD50020917D /* Info.plist */,
			);
			path = sampleProject;
			sourceTree = "<group>";
		};
		C34F115C21B93AD60020917D /* sampleProjectTests */ = {
			isa = PBXGroup;
			children = (
				C34F115D21B93AD60020917D /* sampleProjectTests.swift */,
				C34F115F21B93AD60020917D /* Info.plist */,
			);
			path = sampleProjectTests;
			sourceTree = "<group>";
		};
		C34F116721B93AD60020917D /* sampleProjectUITests */ = {
			isa = PBXGroup;
			children = (
				C34F116821B93AD60020917D /* sampleProjectUITests.swift */,
				C34F116A21B93AD60020917D /* Info.plist */,
			);
			path = sampleProjectUITests;
			sourceTree = "<group>";
		};
/* End PBXGroup section */

/* Begin PBXNativeTarget section */
		C34F114421B93AD20020917D /* sampleProject */ = {
			isa = PBXNativeTarget;
			buildConfigurationList = C34F116D21B93AD60020917D /* Build configuration list for PBXNativeTarget "sampleProject" */;
			buildPhases = (
				14DF509F7AAA709FE5358A54 /* [CP] Check Pods Manifest.lock */,
				C34F114121B93AD20020917D /* Sources */,
				C34F114221B93AD20020917D /* Frameworks */,
				C34F114321B93AD20020917D /* Resources */,
				CEF49465C7229D05A3B2C1BB /* [CP] Embed Pods Frameworks */,
			);
			buildRules = (
			);
			dependencies = (
			);
			name = sampleProject;
			productName = sampleProject;
			productReference = C34F114521B93AD20020917D /* sampleProject.app */;
			productType = "com.apple.product-type.application";
		};
		C34F115821B93AD60020917D /* sampleProjectTests */ = {
			isa = PBXNativeTarget;
			buildConfigurationList = C34F117021B93AD60020917D /* Build configuration list for PBXNativeTarget "sampleProjectTests" */;
			buildPhases = (
				5CFE4AB407C2F2B101F9E3D9 /* [CP] Check Pods Manifest.lock */,
				C34F115521B93AD60020917D /* Sources */,
				C34F115621B93AD60020917D /* Frameworks */,
				C34F115721B93AD60020917D /* Resources */,
			);
			buildRules = (
			);
			dependencies = (
				C34F115B21B93AD60020917D /* PBXTargetDependency */,
			);
			name = sampleProjectTests;
			productName = sampleProjectTests;
			productReference = C34F115921B93AD60020917D /* sampleProjectTests.xctest */;
			productType = "com.apple.product-type.bundle.unit-test";
		};
		C34F116321B93AD60020917D /* sampleProjectUITests */ = {
			isa = PBXNativeTarget;
			buildConfigurationList = C34F117321B93AD60020917D /* Build configuration list for PBXNativeTarget "sampleProjectUITests" */;
			buildPhases = (
				49A7E9095F5AD1D02B35C6DA /* [CP] Check Pods Manifest.lock */,
				C34F116021B93AD60020917D /* Sources */,
				C34F116121B93AD60020917D /* Frameworks */,
				C34F116221B93AD60020917D /* Resources */,
			);
			buildRules = (
			);
			dependencies = (
				C34F116621B93AD60020917D /* PBXTargetDependency */,
			);
			name = sampleProjectUITests;
			productName = sampleProjectUITests;
			productReference = C34F116421B93AD60020917D /* sampleProjectUITests.xctest */;
			productType = "com.apple.product-type.bundle.ui-testing";
		};
/* End PBXNativeTarget section */

/* Begin PBXProject section */
		C34F113D21B93AD20020917D /* Project object */ = {
			isa = PBXProject;
			attributes = {
				LastSwiftUpdateCheck = 1000;
				LastUpgradeCheck = 1000;
				ORGANIZATIONNAME = PayTm;
				TargetAttributes = {
					C34F114421B93AD20020917D = {
						CreatedOnToolsVersion = 10.0;
					};
					C34F115821B93AD60020917D = {
						CreatedOnToolsVersion = 10.0;
						TestTargetID = C34F114421B93AD20020917D;
					};
					C34F116321B93AD60020917D = {
						CreatedOnToolsVersion = 10.0;
						TestTargetID = C34F114421B93AD20020917D;
					};
				};
			};
			buildConfigurationList = C34F114021B93AD20020917D /* Build configuration list for PBXProject "sampleProject" */;
			compatibilityVersion = "Xcode 9.3";
			developmentRegion = en;
			hasScannedForEncodings = 0;
			knownRegions = (
				en,
				Base,
			);
			mainGroup = C34F113C21B93AD20020917D;
			productRefGroup = C34F114621B93AD20020917D /* Products */;
			projectDirPath = "";
			projectRoot = "";
			targets = (
				C34F114421B93AD20020917D /* sampleProject */,
				C34F115821B93AD60020917D /* sampleProjectTests */,
				C34F116321B93AD60020917D /* sampleProjectUITests */,
			);
		};
/* End PBXProject section */

/* Begin PBXResourcesBuildPhase section */
		C34F114321B93AD20020917D /* Resources */ = {
			isa = PBXResourcesBuildPhase;
			buildActionMask = 2147483647;
			files = (
				C34F117721B93B5F0020917D /* response.json in Resources */,
				C34F115321B93AD50020917D /* LaunchScreen.storyboard in Resources */,
				C34F115021B93AD50020917D /* Assets.xcassets in Resources */,
				C34F114E21B93AD20020917D /* Main.storyboard in Resources */,
			);
			runOnlyForDeploymentPostprocessing = 0;
		};
		C34F115721B93AD60020917D /* Resources */ = {
			isa = PBXResourcesBuildPhase;
			buildActionMask = 2147483647;
			files = (
			);
			runOnlyForDeploymentPostprocessing = 0;
		};
		C34F116221B93AD60020917D /* Resources */ = {
			isa = PBXResourcesBuildPhase;
			buildActionMask = 2147483647;
			files = (
			);
			runOnlyForDeploymentPostprocessing = 0;
		};
/* End PBXResourcesBuildPhase section */

/* Begin PBXShellScriptBuildPhase section */
		14DF509F7AAA709FE5358A54 /* [CP] Check Pods Manifest.lock */ = {
			isa = PBXShellScriptBuildPhase;
			buildActionMask = 2147483647;
			files = (
			);
			inputPaths = (
				"${PODS_PODFILE_DIR_PATH}/Podfile.lock",
				"${PODS_ROOT}/Manifest.lock",
			);
			name = "[CP] Check Pods Manifest.lock";
			outputPaths = (
				"$(DERIVED_FILE_DIR)/Pods-sampleProject-checkManifestLockResult.txt",
			);
			runOnlyForDeploymentPostprocessing = 0;
			shellPath = /bin/sh;
			shellScript = "diff \"${PODS_PODFILE_DIR_PATH}/Podfile.lock\" \"${PODS_ROOT}/Manifest.lock\" > /dev/null\nif [ $? != 0 ] ; then\n    # print error to STDERR\n    echo \"error: The sandbox is not in sync with the Podfile.lock. Run 'pod install' or update your CocoaPods installation.\" >&2\n    exit 1\nfi\n# This output is used by Xcode 'outputs' to avoid re-running this script phase.\necho \"SUCCESS\" > \"${SCRIPT_OUTPUT_FILE_0}\"\n";
			showEnvVarsInLog = 0;
		};
		49A7E9095F5AD1D02B35C6DA /* [CP] Check Pods Manifest.lock */ = {
			isa = PBXShellScriptBuildPhase;
			buildActionMask = 2147483647;
			files = (
			);
			inputPaths = (
				"${PODS_PODFILE_DIR_PATH}/Podfile.lock",
				"${PODS_ROOT}/Manifest.lock",
			);
			name = "[CP] Check Pods Manifest.lock";
			outputPaths = (
				"$(DERIVED_FILE_DIR)/Pods-sampleProjectUITests-checkManifestLockResult.txt",
			);
			runOnlyForDeploymentPostprocessing = 0;
			shellPath = /bin/sh;
			shellScript = "diff \"${PODS_PODFILE_DIR_PATH}/Podfile.lock\" \"${PODS_ROOT}/Manifest.lock\" > /dev/null\nif [ $? != 0 ] ; then\n    # print error to STDERR\n    echo \"error: The sandbox is not in sync with the Podfile.lock. Run 'pod install' or update your CocoaPods installation.\" >&2\n    exit 1\nfi\n# This output is used by Xcode 'outputs' to avoid re-running this script phase.\necho \"SUCCESS\" > \"${SCRIPT_OUTPUT_FILE_0}\"\n";
			showEnvVarsInLog = 0;
		};
		5CFE4AB407C2F2B101F9E3D9 /* [CP] Check Pods Manifest.lock */ = {
			isa = PBXShellScriptBuildPhase;
			buildActionMask = 2147483647;
			files = (
			);
			inputPaths = (
				"${PODS_PODFILE_DIR_PATH}/Podfile.lock",
				"${PODS_ROOT}/Manifest.lock",
			);
			name = "[CP] Check Pods Manifest.lock";
			outputPaths = (
				"$(DERIVED_FILE_DIR)/Pods-sampleProjectTests-checkManifestLockResult.txt",
			);
			runOnlyForDeploymentPostprocessing = 0;
			shellPath = /bin/sh;
			shellScript = "diff \"${PODS_PODFILE_DIR_PATH}/Podfile.lock\" \"${PODS_ROOT}/Manifest.lock\" > /dev/null\nif [ $? != 0 ] ; then\n    # print error to STDERR\n    echo \"error: The sandbox is not in sync with the Podfile.lock. Run 'pod install' or update your CocoaPods installation.\" >&2\n    exit 1\nfi\n# This output is used by Xcode 'outputs' to avoid re-running this script phase.\necho \"SUCCESS\" > \"${SCRIPT_OUTPUT_FILE_0}\"\n";
			showEnvVarsInLog = 0;
		};
		CEF49465C7229D05A3B2C1BB /* [CP] Embed Pods Frameworks */ = {
			isa = PBXShellScriptBuildPhase;
			buildActionMask = 2147483647;
			files = (
			);
			inputPaths = (
				"${SRCROOT}/Pods/Target Support Files/Pods-sampleProject/Pods-sampleProject-frameworks.sh",
				"${BUILT_PRODUCTS_DIR}/SwiftyJSON/SwiftyJSON.framework",
			);
			name = "[CP] Embed Pods Frameworks";
			outputPaths = (
				"${TARGET_BUILD_DIR}/${FRAMEWORKS_FOLDER_PATH}/SwiftyJSON.framework",
			);
			runOnlyForDeploymentPostprocessing = 0;
			shellPath = /bin/sh;
			shellScript = "\"${SRCROOT}/Pods/Target Support Files/Pods-sampleProject/Pods-sampleProject-frameworks.sh\"\n";
			showEnvVarsInLog = 0;
		};
/* End PBXShellScriptBuildPhase section */

/* Begin PBXSourcesBuildPhase section */
		C34F114121B93AD20020917D /* Sources */ = {
			isa = PBXSourcesBuildPhase;
			buildActionMask = 2147483647;
			files = (
				C34F114B21B93AD20020917D /* ViewController.swift in Sources */,
				C34F114921B93AD20020917D /* AppDelegate.swift in Sources */,
			);
			runOnlyForDeploymentPostprocessing = 0;
		};
		C34F115521B93AD60020917D /* Sources */ = {
			isa = PBXSourcesBuildPhase;
			buildActionMask = 2147483647;
			files = (
				C34F115E21B93AD60020917D /* sampleProjectTests.swift in Sources */,
			);
			runOnlyForDeploymentPostprocessing = 0;
		};
		C34F116021B93AD60020917D /* Sources */ = {
			isa = PBXSourcesBuildPhase;
			buildActionMask = 2147483647;
			files = (
				C34F116921B93AD60020917D /* sampleProjectUITests.swift in Sources */,
			);
			runOnlyForDeploymentPostprocessing = 0;
		};
/* End PBXSourcesBuildPhase section */

/* Begin PBXTargetDependency section */
		C34F115B21B93AD60020917D /* PBXTargetDependency */ = {
			isa = PBXTargetDependency;
			target = C34F114421B93AD20020917D /* sampleProject */;
			targetProxy = C34F115A21B93AD60020917D /* PBXContainerItemProxy */;
		};
		C34F116621B93AD60020917D /* PBXTargetDependency */ = {
			isa = PBXTargetDependency;
			target = C34F114421B93AD20020917D /* sampleProject */;
			targetProxy = C34F116521B93AD60020917D /* PBXContainerItemProxy */;
		};
/* End PBXTargetDependency section */

/* Begin PBXVariantGroup section */
		C34F114C21B93AD20020917D /* Main.storyboard */ = {
			isa = PBXVariantGroup;
			children = (
				C34F114D21B93AD20020917D /* Base */,
			);
			name = Main.storyboard;
			sourceTree = "<group>";
		};
		C34F115121B93AD50020917D /* LaunchScreen.storyboard */ = {
			isa = PBXVariantGroup;
			children = (
				C34F115221B93AD50020917D /* Base */,
			);
			name = LaunchScreen.storyboard;
			sourceTree = "<group>";
		};
/* End PBXVariantGroup section */

/* Begin XCBuildConfiguration section */
		C34F116B21B93AD60020917D /* Debug */ = {
			isa = XCBuildConfiguration;
			buildSettings = {
				ALWAYS_SEARCH_USER_PATHS = NO;
				CLANG_ANALYZER_NONNULL = YES;
				CLANG_ANALYZER_NUMBER_OBJECT_CONVERSION = YES_AGGRESSIVE;
				CLANG_CXX_LANGUAGE_STANDARD = "gnu++14";
				CLANG_CXX_LIBRARY = "libc++";
				CLANG_ENABLE_MODULES = YES;
				CLANG_ENABLE_OBJC_ARC = YES;
				CLANG_ENABLE_OBJC_WEAK = YES;
				CLANG_WARN_BLOCK_CAPTURE_AUTORELEASING = YES;
				CLANG_WARN_BOOL_CONVERSION = YES;
				CLANG_WARN_COMMA = YES;
				CLANG_WARN_CONSTANT_CONVERSION = YES;
				CLANG_WARN_DEPRECATED_OBJC_IMPLEMENTATIONS = YES;
				CLANG_WARN_DIRECT_OBJC_ISA_USAGE = YES_ERROR;
				CLANG_WARN_DOCUMENTATION_COMMENTS = YES;
				CLANG_WARN_EMPTY_BODY = YES;
				CLANG_WARN_ENUM_CONVERSION = YES;
				CLANG_WARN_INFINITE_RECURSION = YES;
				CLANG_WARN_INT_CONVERSION = YES;
				CLANG_WARN_NON_LITERAL_NULL_CONVERSION = YES;
				CLANG_WARN_OBJC_IMPLICIT_RETAIN_SELF = YES;
				CLANG_WARN_OBJC_LITERAL_CONVERSION = YES;
				CLANG_WARN_OBJC_ROOT_CLASS = YES_ERROR;
				CLANG_WARN_RANGE_LOOP_ANALYSIS = YES;
				CLANG_WARN_STRICT_PROTOTYPES = YES;
				CLANG_WARN_SUSPICIOUS_MOVE = YES;
				CLANG_WARN_UNGUARDED_AVAILABILITY = YES_AGGRESSIVE;
				CLANG_WARN_UNREACHABLE_CODE = YES;
				CLANG_WARN__DUPLICATE_METHOD_MATCH = YES;
				CODE_SIGN_IDENTITY = "iPhone Developer";
				COPY_PHASE_STRIP = NO;
				DEBUG_INFORMATION_FORMAT = dwarf;
				ENABLE_STRICT_OBJC_MSGSEND = YES;
				ENABLE_TESTABILITY = YES;
				GCC_C_LANGUAGE_STANDARD = gnu11;
				GCC_DYNAMIC_NO_PIC = NO;
				GCC_NO_COMMON_BLOCKS = YES;
				GCC_OPTIMIZATION_LEVEL = 0;
				GCC_PREPROCESSOR_DEFINITIONS = (
					"DEBUG=1",
					"$(inherited)",
				);
				GCC_WARN_64_TO_32_BIT_CONVERSION = YES;
				GCC_WARN_ABOUT_RETURN_TYPE = YES_ERROR;
				GCC_WARN_UNDECLARED_SELECTOR = YES;
				GCC_WARN_UNINITIALIZED_AUTOS = YES_AGGRESSIVE;
				GCC_WARN_UNUSED_FUNCTION = YES;
				GCC_WARN_UNUSED_VARIABLE = YES;
				IPHONEOS_DEPLOYMENT_TARGET = 12.0;
				MTL_ENABLE_DEBUG_INFO = INCLUDE_SOURCE;
				MTL_FAST_MATH = YES;
				ONLY_ACTIVE_ARCH = YES;
				SDKROOT = iphoneos;
				SWIFT_ACTIVE_COMPILATION_CONDITIONS = DEBUG;
				SWIFT_OPTIMIZATION_LEVEL = "-Onone";
			};
			name = Debug;
		};
		C34F116C21B93AD60020917D /* Release */ = {
			isa = XCBuildConfiguration;
			buildSettings = {
				ALWAYS_SEARCH_USER_PATHS = NO;
				CLANG_ANALYZER_NONNULL = YES;
				CLANG_ANALYZER_NUMBER_OBJECT_CONVERSION = YES_AGGRESSIVE;
				CLANG_CXX_LANGUAGE_STANDARD = "gnu++14";
				CLANG_CXX_LIBRARY = "libc++";
				CLANG_ENABLE_MODULES = YES;
				CLANG_ENABLE_OBJC_ARC = YES;
				CLANG_ENABLE_OBJC_WEAK = YES;
				CLANG_WARN_BLOCK_CAPTURE_AUTORELEASING = YES;
				CLANG_WARN_BOOL_CONVERSION = YES;
				CLANG_WARN_COMMA = YES;
				CLANG_WARN_CONSTANT_CONVERSION = YES;
				CLANG_WARN_DEPRECATED_OBJC_IMPLEMENTATIONS = YES;
				CLANG_WARN_DIRECT_OBJC_ISA_USAGE = YES_ERROR;
				CLANG_WARN_DOCUMENTATION_COMMENTS = YES;
				CLANG_WARN_EMPTY_BODY = YES;
				CLANG_WARN_ENUM_CONVERSION = YES;
				CLANG_WARN_INFINITE_RECURSION = YES;
				CLANG_WARN_INT_CONVERSION = YES;
				CLANG_WARN_NON_LITERAL_NULL_CONVERSION = YES;
				CLANG_WARN_OBJC_IMPLICIT_RETAIN_SELF = YES;
				CLANG_WARN_OBJC_LITERAL_CONVERSION = YES;
				CLANG_WARN_OBJC_ROOT_CLASS = YES_ERROR;
				CLANG_WARN_RANGE_LOOP_ANALYSIS = YES;
				CLANG_WARN_STRICT_PROTOTYPES = YES;
				CLANG_WARN_SUSPICIOUS_MOVE = YES;
				CLANG_WARN_UNGUARDED_AVAILABILITY = YES_AGGRESSIVE;
				CLANG_WARN_UNREACHABLE_CODE = YES;
				CLANG_WARN__DUPLICATE_METHOD_MATCH = YES;
				CODE_SIGN_IDENTITY = "iPhone Developer";
				COPY_PHASE_STRIP = NO;
				DEBUG_INFORMATION_FORMAT = "dwarf-with-dsym";
				ENABLE_NS_ASSERTIONS = NO;
				ENABLE_STRICT_OBJC_MSGSEND = YES;
				GCC_C_LANGUAGE_STANDARD = gnu11;
				GCC_NO_COMMON_BLOCKS = YES;
				GCC_WARN_64_TO_32_BIT_CONVERSION = YES;
				GCC_WARN_ABOUT_RETURN_TYPE = YES_ERROR;
				GCC_WARN_UNDECLARED_SELECTOR = YES;
				GCC_WARN_UNINITIALIZED_AUTOS = YES_AGGRESSIVE;
				GCC_WARN_UNUSED_FUNCTION = YES;
				GCC_WARN_UNUSED_VARIABLE = YES;
				IPHONEOS_DEPLOYMENT_TARGET = 12.0;
				MTL_ENABLE_DEBUG_INFO = NO;
				MTL_FAST_MATH = YES;
				SDKROOT = iphoneos;
				SWIFT_COMPILATION_MODE = wholemodule;
				SWIFT_OPTIMIZATION_LEVEL = "-O";
				VALIDATE_PRODUCT = YES;
			};
			name = Release;
		};
		C34F116E21B93AD60020917D /* Debug */ = {
			isa = XCBuildConfiguration;
			baseConfigurationReference = BF846C265B7786C1CE816923 /* Pods-sampleProject.debug.xcconfig */;
			buildSettings = {
				ASSETCATALOG_COMPILER_APPICON_NAME = AppIcon;
				CODE_SIGN_STYLE = Automatic;
				INFOPLIST_FILE = sampleProject/Info.plist;
				LD_RUNPATH_SEARCH_PATHS = (
					"$(inherited)",
					"@executable_path/Frameworks",
				);
				PRODUCT_BUNDLE_IDENTIFIER = com.one97.merchant.sampleProject;
				PRODUCT_NAME = "$(TARGET_NAME)";
				SWIFT_VERSION = 4.2;
				TARGETED_DEVICE_FAMILY = "1,2";
			};
			name = Debug;
		};
		C34F116F21B93AD60020917D /* Release */ = {
			isa = XCBuildConfiguration;
			baseConfigurationReference = C593B361581A60F621372A88 /* Pods-sampleProject.release.xcconfig */;
			buildSettings = {
				ASSETCATALOG_COMPILER_APPICON_NAME = AppIcon;
				CODE_SIGN_STYLE = Automatic;
				INFOPLIST_FILE = sampleProject/Info.plist;
				LD_RUNPATH_SEARCH_PATHS = (
					"$(inherited)",
					"@executable_path/Frameworks",
				);
				PRODUCT_BUNDLE_IDENTIFIER = com.one97.merchant.sampleProject;
				PRODUCT_NAME = "$(TARGET_NAME)";
				SWIFT_VERSION = 4.2;
				TARGETED_DEVICE_FAMILY = "1,2";
			};
			name = Release;
		};
		C34F117121B93AD60020917D /* Debug */ = {
			isa = XCBuildConfiguration;
			baseConfigurationReference = 973F7671E5A369DCD294734F /* Pods-sampleProjectTests.debug.xcconfig */;
			buildSettings = {
				ALWAYS_EMBED_SWIFT_STANDARD_LIBRARIES = YES;
				BUNDLE_LOADER = "$(TEST_HOST)";
				CODE_SIGN_STYLE = Automatic;
				INFOPLIST_FILE = sampleProjectTests/Info.plist;
				LD_RUNPATH_SEARCH_PATHS = (
					"$(inherited)",
					"@executable_path/Frameworks",
					"@loader_path/Frameworks",
				);
				PRODUCT_BUNDLE_IDENTIFIER = com.one97.merchant.sampleProjectTests;
				PRODUCT_NAME = "$(TARGET_NAME)";
				SWIFT_VERSION = 4.2;
				TARGETED_DEVICE_FAMILY = "1,2";
				TEST_HOST = "$(BUILT_PRODUCTS_DIR)/sampleProject.app/sampleProject";
			};
			name = Debug;
		};
		C34F117221B93AD60020917D /* Release */ = {
			isa = XCBuildConfiguration;
			baseConfigurationReference = 50AC848EAD70B995A7347A53 /* Pods-sampleProjectTests.release.xcconfig */;
			buildSettings = {
				ALWAYS_EMBED_SWIFT_STANDARD_LIBRARIES = YES;
				BUNDLE_LOADER = "$(TEST_HOST)";
				CODE_SIGN_STYLE = Automatic;
				INFOPLIST_FILE = sampleProjectTests/Info.plist;
				LD_RUNPATH_SEARCH_PATHS = (
					"$(inherited)",
					"@executable_path/Frameworks",
					"@loader_path/Frameworks",
				);
				PRODUCT_BUNDLE_IDENTIFIER = com.one97.merchant.sampleProjectTests;
				PRODUCT_NAME = "$(TARGET_NAME)";
				SWIFT_VERSION = 4.2;
				TARGETED_DEVICE_FAMILY = "1,2";
				TEST_HOST = "$(BUILT_PRODUCTS_DIR)/sampleProject.app/sampleProject";
			};
			name = Release;
		};
		C34F117421B93AD60020917D /* Debug */ = {
			isa = XCBuildConfiguration;
			baseConfigurationReference = 93252EFF8B682C1D094939FD /* Pods-sampleProjectUITests.debug.xcconfig */;
			buildSettings = {
				ALWAYS_EMBED_SWIFT_STANDARD_LIBRARIES = YES;
				CODE_SIGN_STYLE = Automatic;
				INFOPLIST_FILE = sampleProjectUITests/Info.plist;
				LD_RUNPATH_SEARCH_PATHS = (
					"$(inherited)",
					"@executable_path/Frameworks",
					"@loader_path/Frameworks",
				);
				PRODUCT_BUNDLE_IDENTIFIER = com.one97.merchant.sampleProjectUITests;
				PRODUCT_NAME = "$(TARGET_NAME)";
				SWIFT_VERSION = 4.2;
				TARGETED_DEVICE_FAMILY = "1,2";
				TEST_TARGET_NAME = sampleProject;
			};
			name = Debug;
		};
		C34F117521B93AD60020917D /* Release */ = {
			isa = XCBuildConfiguration;
			baseConfigurationReference = 27DB3AF471F709A844650F77 /* Pods-sampleProjectUITests.release.xcconfig */;
			buildSettings = {
				ALWAYS_EMBED_SWIFT_STANDARD_LIBRARIES = YES;
				CODE_SIGN_STYLE = Automatic;
				INFOPLIST_FILE = sampleProjectUITests/Info.plist;
				LD_RUNPATH_SEARCH_PATHS = (
					"$(inherited)",
					"@executable_path/Frameworks",
					"@loader_path/Frameworks",
				);
				PRODUCT_BUNDLE_IDENTIFIER = com.one97.merchant.sampleProjectUITests;
				PRODUCT_NAME = "$(TARGET_NAME)";
				SWIFT_VERSION = 4.2;
				TARGETED_DEVICE_FAMILY = "1,2";
				TEST_TARGET_NAME = sampleProject;
			};
			name = Release;
		};
/* End XCBuildConfiguration section */

/* Begin XCConfigurationList section */
		C34F114021B93AD20020917D /* Build configuration list for PBXProject "sampleProject" */ = {
			isa = XCConfigurationList;
			buildConfigurations = (
				C34F116B21B93AD60020917D /* Debug */,
				C34F116C21B93AD60020917D /* Release */,
			);
			defaultConfigurationIsVisible = 0;
			defaultConfigurationName = Release;
		};
		C34F116D21B93AD60020917D /* Build configuration list for PBXNativeTarget "sampleProject" */ = {
			isa = XCConfigurationList;
			buildConfigurations = (
				C34F116E21B93AD60020917D /* Debug */,
				C34F116F21B93AD60020917D /* Release */,
			);
			defaultConfigurationIsVisible = 0;
			defaultConfigurationName = Release;
		};
		C34F117021B93AD60020917D /* Build configuration list for PBXNativeTarget "sampleProjectTests" */ = {
			isa = XCConfigurationList;
			buildConfigurations = (
				C34F117121B93AD60020917D /* Debug */,
				C34F117221B93AD60020917D /* Release */,
			);
			defaultConfigurationIsVisible = 0;
			defaultConfigurationName = Release;
		};
		C34F117321B93AD60020917D /* Build configuration list for PBXNativeTarget "sampleProjectUITests" */ = {
			isa = XCConfigurationList;
			buildConfigurations = (
				C34F117421B93AD60020917D /* Debug */,
				C34F117521B93AD60020917D /* Release */,
			);
			defaultConfigurationIsVisible = 0;
			defaultConfigurationName = Release;
		};
/* End XCConfigurationList section */
	};
	rootObject = C34F113D21B93AD20020917D /* Project object */;
}
